
Microsoft Visual Studio Solution File, Format Version 12.00
# Visual Studio Version 17
VisualStudioVersion = 17.14.36429.23 d17.14
MinimumVisualStudioVersion = 10.0.40219.1
Project("{FAE04EC0-301F-11D3-BF4B-00C04F79EFBC}") = "bunifuDatePicker", "bunifuDatePicker.csproj", "{B1198108-930F-48F7-A45D-D76ED14576AD}"
EndProject
Global
	GlobalSection(SolutionConfigurationPlatforms) = preSolution
		Debug|Any CPU = Debug|Any CPU
		Release|Any CPU = Release|Any CPU
	EndGlobalSection
	GlobalSection(ProjectConfigurationPlatforms) = postSolution
		{B1198108-930F-48F7-A45D-D76ED14576AD}.Debug|Any CPU.ActiveCfg = Debug|Any CPU
		{B1198108-930F-48F7-A45D-D76ED14576AD}.Debug|Any CPU.Build.0 = Debug|Any CPU
		{B1198108-930F-48F7-A45D-D76ED14576AD}.Release|Any CPU.ActiveCfg = Release|Any CPU
		{B1198108-930F-48F7-A45D-D76ED14576AD}.Release|Any CPU.Build.0 = Release|Any CPU
	EndGlobalSection
	GlobalSection(SolutionProperties) = preSolution
		HideSolutionNode = FALSE
	EndGlobalSection
	GlobalSection(ExtensibilityGlobals) = postSolution
		SolutionGuid = {77BAB74E-9741-48CD-9462-455F2B410071}
	EndGlobalSection
EndGlobal
